
Microsoft Visual Studio Solution File, Format Version 12.00
# Visual Studio 15
VisualStudioVersion = 15.0.28010.2026
MinimumVisualStudioVersion = 10.0.40219.1
Project("{FAE04EC0-301F-11D3-BF4B-00C04F79EFBC}") = "c-s-s-a", "c-s-s-a\c-s-s-a.csproj", "{862725A1-630D-4E56-B756-DEA46DB75457}"
EndProject
Project("{FAE04EC0-301F-11D3-BF4B-00C04F79EFBC}") = "C-S-S-TestProject1", "C-S-S-TestProject1\C-S-S-TestProject1.csproj", "{B61A8D85-F463-42D2-A0A7-4076EF11808F}"
EndProject
Project("{FAE04EC0-301F-11D3-BF4B-00C04F79EFBC}") = "c-s-s-aTest", "UnitTestProject1\c-s-s-aTest.csproj", "{0BDBAA84-0767-47D2-9C39-602752051B9A}"
EndProject
Global
	GlobalSection(SolutionConfigurationPlatforms) = preSolution
		Debug|Any CPU = Debug|Any CPU
		Release|Any CPU = Release|Any CPU
	EndGlobalSection
	GlobalSection(ProjectConfigurationPlatforms) = postSolution
		{862725A1-630D-4E56-B756-DEA46DB75457}.Debug|Any CPU.ActiveCfg = Debug|Any CPU
		{862725A1-630D-4E56-B756-DEA46DB75457}.Debug|Any CPU.Build.0 = Debug|Any CPU
		{862725A1-630D-4E56-B756-DEA46DB75457}.Release|Any CPU.ActiveCfg = Release|Any CPU
		{862725A1-630D-4E56-B756-DEA46DB75457}.Release|Any CPU.Build.0 = Release|Any CPU
		{B61A8D85-F463-42D2-A0A7-4076EF11808F}.Debug|Any CPU.ActiveCfg = Debug|Any CPU
		{B61A8D85-F463-42D2-A0A7-4076EF11808F}.Debug|Any CPU.Build.0 = Debug|Any CPU
		{B61A8D85-F463-42D2-A0A7-4076EF11808F}.Release|Any CPU.ActiveCfg = Release|Any CPU
		{B61A8D85-F463-42D2-A0A7-4076EF11808F}.Release|Any CPU.Build.0 = Release|Any CPU
		{0BDBAA84-0767-47D2-9C39-602752051B9A}.Debug|Any CPU.ActiveCfg = Debug|Any CPU
		{0BDBAA84-0767-47D2-9C39-602752051B9A}.Debug|Any CPU.Build.0 = Debug|Any CPU
		{0BDBAA84-0767-47D2-9C39-602752051B9A}.Release|Any CPU.ActiveCfg = Release|Any CPU
		{0BDBAA84-0767-47D2-9C39-602752051B9A}.Release|Any CPU.Build.0 = Release|Any CPU
	EndGlobalSection
	GlobalSection(SolutionProperties) = preSolution
		HideSolutionNode = FALSE
	EndGlobalSection
	GlobalSection(ExtensibilityGlobals) = postSolution
		SolutionGuid = {C4D4D6B5-B78E-433B-9522-7B1D1854B287}
	EndGlobalSection
EndGlobal
