
Microsoft Visual Studio Solution File, Format Version 12.00
# Visual Studio Version 16
VisualStudioVersion = 16.0.29306.81
MinimumVisualStudioVersion = 10.0.40219.1
Project("{9A19103F-16F7-4668-BE54-9A1E7A4F7556}") = "ConsoleApp1", "ConsoleApp1\ConsoleApp1.csproj", "{C824AB56-1FE6-4368-AED3-78C9099354AF}"
EndProject
Project("{FAE04EC0-301F-11D3-BF4B-00C04F79EFBC}") = "UnitTestProject1", "UnitTestProject1\UnitTestProject1.csproj", "{A5D0C138-1767-4F19-9907-F66A96D65812}"
EndProject
Global
	GlobalSection(SolutionConfigurationPlatforms) = preSolution
		Debug|Any CPU = Debug|Any CPU
		Release|Any CPU = Release|Any CPU
	EndGlobalSection
	GlobalSection(ProjectConfigurationPlatforms) = postSolution
		{C824AB56-1FE6-4368-AED3-78C9099354AF}.Debug|Any CPU.ActiveCfg = Debug|Any CPU
		{C824AB56-1FE6-4368-AED3-78C9099354AF}.Debug|Any CPU.Build.0 = Debug|Any CPU
		{C824AB56-1FE6-4368-AED3-78C9099354AF}.Release|Any CPU.ActiveCfg = Release|Any CPU
		{C824AB56-1FE6-4368-AED3-78C9099354AF}.Release|Any CPU.Build.0 = Release|Any CPU
		{A5D0C138-1767-4F19-9907-F66A96D65812}.Debug|Any CPU.ActiveCfg = Debug|Any CPU
		{A5D0C138-1767-4F19-9907-F66A96D65812}.Debug|Any CPU.Build.0 = Debug|Any CPU
		{A5D0C138-1767-4F19-9907-F66A96D65812}.Release|Any CPU.ActiveCfg = Release|Any CPU
		{A5D0C138-1767-4F19-9907-F66A96D65812}.Release|Any CPU.Build.0 = Release|Any CPU
	EndGlobalSection
	GlobalSection(SolutionProperties) = preSolution
		HideSolutionNode = FALSE
	EndGlobalSection
	GlobalSection(ExtensibilityGlobals) = postSolution
		SolutionGuid = {211E90A1-9E04-45A2-B2F7-B9D32EE64FA3}
	EndGlobalSection
EndGlobal
