
Microsoft Visual Studio Solution File, Format Version 12.00
# Visual Studio 14
VisualStudioVersion = 14.0.25420.1
MinimumVisualStudioVersion = 10.0.40219.1
Project("{FAE04EC0-301F-11D3-BF4B-00C04F79EFBC}") = "ConsoleApplication1", "ConsoleApplication1\ConsoleApplication1.csproj", "{CA157D82-C4DE-4BD3-B845-E948836D9B11}"
EndProject
Project("{FAE04EC0-301F-11D3-BF4B-00C04F79EFBC}") = "CalculatorUnitTest", "CalculatorUnitTest\CalculatorUnitTest.csproj", "{BB3DF596-7730-42D5-AAEF-42A10E265E21}"
EndProject
Global
	GlobalSection(SolutionConfigurationPlatforms) = preSolution
		Debug|Any CPU = Debug|Any CPU
		Release|Any CPU = Release|Any CPU
	EndGlobalSection
	GlobalSection(ProjectConfigurationPlatforms) = postSolution
		{CA157D82-C4DE-4BD3-B845-E948836D9B11}.Debug|Any CPU.ActiveCfg = Debug|Any CPU
		{CA157D82-C4DE-4BD3-B845-E948836D9B11}.Debug|Any CPU.Build.0 = Debug|Any CPU
		{CA157D82-C4DE-4BD3-B845-E948836D9B11}.Release|Any CPU.ActiveCfg = Release|Any CPU
		{CA157D82-C4DE-4BD3-B845-E948836D9B11}.Release|Any CPU.Build.0 = Release|Any CPU
		{BB3DF596-7730-42D5-AAEF-42A10E265E21}.Debug|Any CPU.ActiveCfg = Debug|Any CPU
		{BB3DF596-7730-42D5-AAEF-42A10E265E21}.Debug|Any CPU.Build.0 = Debug|Any CPU
		{BB3DF596-7730-42D5-AAEF-42A10E265E21}.Release|Any CPU.ActiveCfg = Release|Any CPU
		{BB3DF596-7730-42D5-AAEF-42A10E265E21}.Release|Any CPU.Build.0 = Release|Any CPU
	EndGlobalSection
	GlobalSection(SolutionProperties) = preSolution
		HideSolutionNode = FALSE
	EndGlobalSection
EndGlobal
