
Microsoft Visual Studio Solution File, Format Version 12.00
# Visual Studio Version 16
VisualStudioVersion = 16.0.29306.81
MinimumVisualStudioVersion = 10.0.40219.1
Project("{8BC9CEB8-8B4A-11D0-8D11-00A0C91BC942}") = "Calculator", "Calculator\Calculator.vcxproj", "{85006596-B3B9-49D5-B333-591D15C32B7A}"
EndProject
Global
	GlobalSection(SolutionConfigurationPlatforms) = preSolution
		Debug|x64 = Debug|x64
		Debug|x86 = Debug|x86
		Release|x64 = Release|x64
		Release|x86 = Release|x86
	EndGlobalSection
	GlobalSection(ProjectConfigurationPlatforms) = postSolution
		{85006596-B3B9-49D5-B333-591D15C32B7A}.Debug|x64.ActiveCfg = Debug|x64
		{85006596-B3B9-49D5-B333-591D15C32B7A}.Debug|x64.Build.0 = Debug|x64
		{85006596-B3B9-49D5-B333-591D15C32B7A}.Debug|x86.ActiveCfg = Debug|Win32
		{85006596-B3B9-49D5-B333-591D15C32B7A}.Debug|x86.Build.0 = Debug|Win32
		{85006596-B3B9-49D5-B333-591D15C32B7A}.Release|x64.ActiveCfg = Release|x64
		{85006596-B3B9-49D5-B333-591D15C32B7A}.Release|x64.Build.0 = Release|x64
		{85006596-B3B9-49D5-B333-591D15C32B7A}.Release|x86.ActiveCfg = Release|Win32
		{85006596-B3B9-49D5-B333-591D15C32B7A}.Release|x86.Build.0 = Release|Win32
	EndGlobalSection
	GlobalSection(SolutionProperties) = preSolution
		HideSolutionNode = FALSE
	EndGlobalSection
	GlobalSection(ExtensibilityGlobals) = postSolution
		SolutionGuid = {76DA4DF1-BBC7-4D88-8DC2-70F8BFF38773}
	EndGlobalSection
EndGlobal
