
Microsoft Visual Studio Solution File, Format Version 12.00
# Visual Studio Version 16
VisualStudioVersion = 16.0.29806.167
MinimumVisualStudioVersion = 10.0.40219.1
Project("{8BC9CEB8-8B4A-11D0-8D11-00A0C91BC942}") = "Calculator", "Calculator.vcxproj", "{B12511A1-C199-4405-A990-187E20D5DF27}"
EndProject
Project("{8BC9CEB8-8B4A-11D0-8D11-00A0C91BC942}") = "CalculatorUnitTest", "..\CalculatorUnitTest\CalculatorUnitTest.vcxproj", "{AF6F8200-AA2C-4929-ABF1-2E7525B77215}"
EndProject
Global
	GlobalSection(SolutionConfigurationPlatforms) = preSolution
		Debug|x64 = Debug|x64
		Debug|x86 = Debug|x86
		Release|x64 = Release|x64
		Release|x86 = Release|x86
	EndGlobalSection
	GlobalSection(ProjectConfigurationPlatforms) = postSolution
		{B12511A1-C199-4405-A990-187E20D5DF27}.Debug|x64.ActiveCfg = Debug|x64
		{B12511A1-C199-4405-A990-187E20D5DF27}.Debug|x64.Build.0 = Debug|x64
		{B12511A1-C199-4405-A990-187E20D5DF27}.Debug|x86.ActiveCfg = Debug|Win32
		{B12511A1-C199-4405-A990-187E20D5DF27}.Debug|x86.Build.0 = Debug|Win32
		{B12511A1-C199-4405-A990-187E20D5DF27}.Release|x64.ActiveCfg = Release|x64
		{B12511A1-C199-4405-A990-187E20D5DF27}.Release|x64.Build.0 = Release|x64
		{B12511A1-C199-4405-A990-187E20D5DF27}.Release|x86.ActiveCfg = Release|Win32
		{B12511A1-C199-4405-A990-187E20D5DF27}.Release|x86.Build.0 = Release|Win32
		{AF6F8200-AA2C-4929-ABF1-2E7525B77215}.Debug|x64.ActiveCfg = Debug|x64
		{AF6F8200-AA2C-4929-ABF1-2E7525B77215}.Debug|x64.Build.0 = Debug|x64
		{AF6F8200-AA2C-4929-ABF1-2E7525B77215}.Debug|x86.ActiveCfg = Debug|Win32
		{AF6F8200-AA2C-4929-ABF1-2E7525B77215}.Debug|x86.Build.0 = Debug|Win32
		{AF6F8200-AA2C-4929-ABF1-2E7525B77215}.Release|x64.ActiveCfg = Release|x64
		{AF6F8200-AA2C-4929-ABF1-2E7525B77215}.Release|x64.Build.0 = Release|x64
		{AF6F8200-AA2C-4929-ABF1-2E7525B77215}.Release|x86.ActiveCfg = Release|Win32
		{AF6F8200-AA2C-4929-ABF1-2E7525B77215}.Release|x86.Build.0 = Release|Win32
	EndGlobalSection
	GlobalSection(SolutionProperties) = preSolution
		HideSolutionNode = FALSE
	EndGlobalSection
	GlobalSection(ExtensibilityGlobals) = postSolution
		SolutionGuid = {CA3B98D9-9B28-44C8-A0B5-997DAD61B580}
	EndGlobalSection
EndGlobal
