
Microsoft Visual Studio Solution File, Format Version 12.00
# Visual Studio 15
VisualStudioVersion = 15.0.28307.421
MinimumVisualStudioVersion = 10.0.40219.1
Project("{8BC9CEB8-8B4A-11D0-8D11-00A0C91BC942}") = "Calculator", "Calculator\Calculator.vcxproj", "{FEF1EAB2-AA5E-4060-82D6-067820651E2D}"
EndProject
Project("{8BC9CEB8-8B4A-11D0-8D11-00A0C91BC942}") = "CalculatorUnitTest", "CalculatorUnitTest\CalculatorUnitTest.vcxproj", "{A5F81C3A-5DFB-463E-8C29-9F62507C1ADE}"
EndProject
Global
	GlobalSection(SolutionConfigurationPlatforms) = preSolution
		Debug|x64 = Debug|x64
		Debug|x86 = Debug|x86
		Release|x64 = Release|x64
		Release|x86 = Release|x86
	EndGlobalSection
	GlobalSection(ProjectConfigurationPlatforms) = postSolution
		{FEF1EAB2-AA5E-4060-82D6-067820651E2D}.Debug|x64.ActiveCfg = Debug|x64
		{FEF1EAB2-AA5E-4060-82D6-067820651E2D}.Debug|x64.Build.0 = Debug|x64
		{FEF1EAB2-AA5E-4060-82D6-067820651E2D}.Debug|x86.ActiveCfg = Debug|Win32
		{FEF1EAB2-AA5E-4060-82D6-067820651E2D}.Debug|x86.Build.0 = Debug|Win32
		{FEF1EAB2-AA5E-4060-82D6-067820651E2D}.Release|x64.ActiveCfg = Release|x64
		{FEF1EAB2-AA5E-4060-82D6-067820651E2D}.Release|x64.Build.0 = Release|x64
		{FEF1EAB2-AA5E-4060-82D6-067820651E2D}.Release|x86.ActiveCfg = Release|Win32
		{FEF1EAB2-AA5E-4060-82D6-067820651E2D}.Release|x86.Build.0 = Release|Win32
		{A5F81C3A-5DFB-463E-8C29-9F62507C1ADE}.Debug|x64.ActiveCfg = Debug|x64
		{A5F81C3A-5DFB-463E-8C29-9F62507C1ADE}.Debug|x64.Build.0 = Debug|x64
		{A5F81C3A-5DFB-463E-8C29-9F62507C1ADE}.Debug|x86.ActiveCfg = Debug|Win32
		{A5F81C3A-5DFB-463E-8C29-9F62507C1ADE}.Debug|x86.Build.0 = Debug|Win32
		{A5F81C3A-5DFB-463E-8C29-9F62507C1ADE}.Release|x64.ActiveCfg = Release|x64
		{A5F81C3A-5DFB-463E-8C29-9F62507C1ADE}.Release|x64.Build.0 = Release|x64
		{A5F81C3A-5DFB-463E-8C29-9F62507C1ADE}.Release|x86.ActiveCfg = Release|Win32
		{A5F81C3A-5DFB-463E-8C29-9F62507C1ADE}.Release|x86.Build.0 = Release|Win32
	EndGlobalSection
	GlobalSection(SolutionProperties) = preSolution
		HideSolutionNode = FALSE
	EndGlobalSection
	GlobalSection(ExtensibilityGlobals) = postSolution
		SolutionGuid = {EBAEF9CF-A961-4E51-BE7C-5E103AC34F9C}
	EndGlobalSection
EndGlobal
