
Microsoft Visual Studio Solution File, Format Version 12.00
# Visual Studio 15
VisualStudioVersion = 15.0.28307.421
MinimumVisualStudioVersion = 10.0.40219.1
Project("{8BC9CEB8-8B4A-11D0-8D11-00A0C91BC942}") = "Calculator", "Calculator\Calculator.vcxproj", "{6024EE82-BBD7-43A3-823E-8609D1380195}"
EndProject
Project("{8BC9CEB8-8B4A-11D0-8D11-00A0C91BC942}") = "CalculatorUnitTest", "CalculatorUnitTest\CalculatorUnitTest.vcxproj", "{32E88159-CCA2-4320-90C1-68975A51D328}"
EndProject
Global
	GlobalSection(SolutionConfigurationPlatforms) = preSolution
		Debug|x64 = Debug|x64
		Debug|x86 = Debug|x86
		Release|x64 = Release|x64
		Release|x86 = Release|x86
	EndGlobalSection
	GlobalSection(ProjectConfigurationPlatforms) = postSolution
		{6024EE82-BBD7-43A3-823E-8609D1380195}.Debug|x64.ActiveCfg = Debug|x64
		{6024EE82-BBD7-43A3-823E-8609D1380195}.Debug|x64.Build.0 = Debug|x64
		{6024EE82-BBD7-43A3-823E-8609D1380195}.Debug|x86.ActiveCfg = Debug|Win32
		{6024EE82-BBD7-43A3-823E-8609D1380195}.Debug|x86.Build.0 = Debug|Win32
		{6024EE82-BBD7-43A3-823E-8609D1380195}.Release|x64.ActiveCfg = Release|x64
		{6024EE82-BBD7-43A3-823E-8609D1380195}.Release|x64.Build.0 = Release|x64
		{6024EE82-BBD7-43A3-823E-8609D1380195}.Release|x86.ActiveCfg = Release|Win32
		{6024EE82-BBD7-43A3-823E-8609D1380195}.Release|x86.Build.0 = Release|Win32
		{32E88159-CCA2-4320-90C1-68975A51D328}.Debug|x64.ActiveCfg = Debug|x64
		{32E88159-CCA2-4320-90C1-68975A51D328}.Debug|x64.Build.0 = Debug|x64
		{32E88159-CCA2-4320-90C1-68975A51D328}.Debug|x86.ActiveCfg = Debug|Win32
		{32E88159-CCA2-4320-90C1-68975A51D328}.Debug|x86.Build.0 = Debug|Win32
		{32E88159-CCA2-4320-90C1-68975A51D328}.Release|x64.ActiveCfg = Release|x64
		{32E88159-CCA2-4320-90C1-68975A51D328}.Release|x64.Build.0 = Release|x64
		{32E88159-CCA2-4320-90C1-68975A51D328}.Release|x86.ActiveCfg = Release|Win32
		{32E88159-CCA2-4320-90C1-68975A51D328}.Release|x86.Build.0 = Release|Win32
	EndGlobalSection
	GlobalSection(SolutionProperties) = preSolution
		HideSolutionNode = FALSE
	EndGlobalSection
	GlobalSection(ExtensibilityGlobals) = postSolution
		SolutionGuid = {B8F99363-8721-44D2-949C-7B76B9831821}
	EndGlobalSection
EndGlobal
