
Microsoft Visual Studio Solution File, Format Version 12.00
# Visual Studio 15
VisualStudioVersion = 15.0.28307.421
MinimumVisualStudioVersion = 10.0.40219.1
Project("{8BC9CEB8-8B4A-11D0-8D11-00A0C91BC942}") = "Calculator", "Calculator\Calculator.vcxproj", "{9867623C-98E6-4DD8-B685-3B5773053813}"
EndProject
Project("{8BC9CEB8-8B4A-11D0-8D11-00A0C91BC942}") = "CalculatorUnitTest", "CalculatorUnitTest\CalculatorUnitTest.vcxproj", "{B63FECE5-2F5C-4710-843B-1ACF3B584766}"
EndProject
Global
	GlobalSection(SolutionConfigurationPlatforms) = preSolution
		Debug|x64 = Debug|x64
		Debug|x86 = Debug|x86
		Release|x64 = Release|x64
		Release|x86 = Release|x86
	EndGlobalSection
	GlobalSection(ProjectConfigurationPlatforms) = postSolution
		{9867623C-98E6-4DD8-B685-3B5773053813}.Debug|x64.ActiveCfg = Debug|x64
		{9867623C-98E6-4DD8-B685-3B5773053813}.Debug|x64.Build.0 = Debug|x64
		{9867623C-98E6-4DD8-B685-3B5773053813}.Debug|x86.ActiveCfg = Debug|Win32
		{9867623C-98E6-4DD8-B685-3B5773053813}.Debug|x86.Build.0 = Debug|Win32
		{9867623C-98E6-4DD8-B685-3B5773053813}.Release|x64.ActiveCfg = Release|x64
		{9867623C-98E6-4DD8-B685-3B5773053813}.Release|x64.Build.0 = Release|x64
		{9867623C-98E6-4DD8-B685-3B5773053813}.Release|x86.ActiveCfg = Release|Win32
		{9867623C-98E6-4DD8-B685-3B5773053813}.Release|x86.Build.0 = Release|Win32
		{B63FECE5-2F5C-4710-843B-1ACF3B584766}.Debug|x64.ActiveCfg = Debug|x64
		{B63FECE5-2F5C-4710-843B-1ACF3B584766}.Debug|x64.Build.0 = Debug|x64
		{B63FECE5-2F5C-4710-843B-1ACF3B584766}.Debug|x86.ActiveCfg = Debug|Win32
		{B63FECE5-2F5C-4710-843B-1ACF3B584766}.Debug|x86.Build.0 = Debug|Win32
		{B63FECE5-2F5C-4710-843B-1ACF3B584766}.Release|x64.ActiveCfg = Release|x64
		{B63FECE5-2F5C-4710-843B-1ACF3B584766}.Release|x64.Build.0 = Release|x64
		{B63FECE5-2F5C-4710-843B-1ACF3B584766}.Release|x86.ActiveCfg = Release|Win32
		{B63FECE5-2F5C-4710-843B-1ACF3B584766}.Release|x86.Build.0 = Release|Win32
	EndGlobalSection
	GlobalSection(SolutionProperties) = preSolution
		HideSolutionNode = FALSE
	EndGlobalSection
	GlobalSection(ExtensibilityGlobals) = postSolution
		SolutionGuid = {DBB5CB79-8822-49BD-9E97-FC290A98F964}
	EndGlobalSection
EndGlobal
