
Microsoft Visual Studio Solution File, Format Version 12.00
# Visual Studio Version 16
VisualStudioVersion = 16.0.29806.167
MinimumVisualStudioVersion = 10.0.40219.1
Project("{8BC9CEB8-8B4A-11D0-8D11-00A0C91BC942}") = "Calculator", "Calculator.vcxproj", "{880A7D21-A5B9-47CB-AD4A-BD3A454894D6}"
EndProject
Project("{8BC9CEB8-8B4A-11D0-8D11-00A0C91BC942}") = "CalculatorUnitTest", "..\CalculatorUnitTest\CalculatorUnitTest.vcxproj", "{4C3BF7B5-A914-42F4-845F-3A46C373F02D}"
EndProject
Global
	GlobalSection(SolutionConfigurationPlatforms) = preSolution
		Debug|x64 = Debug|x64
		Debug|x86 = Debug|x86
		Release|x64 = Release|x64
		Release|x86 = Release|x86
	EndGlobalSection
	GlobalSection(ProjectConfigurationPlatforms) = postSolution
		{880A7D21-A5B9-47CB-AD4A-BD3A454894D6}.Debug|x64.ActiveCfg = Debug|x64
		{880A7D21-A5B9-47CB-AD4A-BD3A454894D6}.Debug|x64.Build.0 = Debug|x64
		{880A7D21-A5B9-47CB-AD4A-BD3A454894D6}.Debug|x86.ActiveCfg = Debug|Win32
		{880A7D21-A5B9-47CB-AD4A-BD3A454894D6}.Debug|x86.Build.0 = Debug|Win32
		{880A7D21-A5B9-47CB-AD4A-BD3A454894D6}.Release|x64.ActiveCfg = Release|x64
		{880A7D21-A5B9-47CB-AD4A-BD3A454894D6}.Release|x64.Build.0 = Release|x64
		{880A7D21-A5B9-47CB-AD4A-BD3A454894D6}.Release|x86.ActiveCfg = Release|Win32
		{880A7D21-A5B9-47CB-AD4A-BD3A454894D6}.Release|x86.Build.0 = Release|Win32
		{4C3BF7B5-A914-42F4-845F-3A46C373F02D}.Debug|x64.ActiveCfg = Debug|x64
		{4C3BF7B5-A914-42F4-845F-3A46C373F02D}.Debug|x64.Build.0 = Debug|x64
		{4C3BF7B5-A914-42F4-845F-3A46C373F02D}.Debug|x86.ActiveCfg = Debug|Win32
		{4C3BF7B5-A914-42F4-845F-3A46C373F02D}.Debug|x86.Build.0 = Debug|Win32
		{4C3BF7B5-A914-42F4-845F-3A46C373F02D}.Release|x64.ActiveCfg = Release|x64
		{4C3BF7B5-A914-42F4-845F-3A46C373F02D}.Release|x64.Build.0 = Release|x64
		{4C3BF7B5-A914-42F4-845F-3A46C373F02D}.Release|x86.ActiveCfg = Release|Win32
		{4C3BF7B5-A914-42F4-845F-3A46C373F02D}.Release|x86.Build.0 = Release|Win32
	EndGlobalSection
	GlobalSection(SolutionProperties) = preSolution
		HideSolutionNode = FALSE
	EndGlobalSection
	GlobalSection(ExtensibilityGlobals) = postSolution
		SolutionGuid = {E47B1246-E101-4CBE-80D0-617C252450FD}
	EndGlobalSection
EndGlobal
