
Microsoft Visual Studio Solution File, Format Version 12.00
# Visual Studio 15
VisualStudioVersion = 15.0.28307.106
MinimumVisualStudioVersion = 10.0.40219.1
Project("{8BC9CEB8-8B4A-11D0-8D11-00A0C91BC942}") = "Melina-ZhCal", "Melina-ZhCal\Melina-ZhCal.vcxproj", "{4076535C-C0EA-40D8-9E97-B9DD52472883}"
EndProject
Project("{8BC9CEB8-8B4A-11D0-8D11-00A0C91BC942}") = "UnitTestCal", "UnitTestCal\UnitTestCal.vcxproj", "{6DAFDB29-67EA-462C-8729-8777F733ED35}"
EndProject
Global
	GlobalSection(SolutionConfigurationPlatforms) = preSolution
		Debug|x64 = Debug|x64
		Debug|x86 = Debug|x86
		Release|x64 = Release|x64
		Release|x86 = Release|x86
	EndGlobalSection
	GlobalSection(ProjectConfigurationPlatforms) = postSolution
		{4076535C-C0EA-40D8-9E97-B9DD52472883}.Debug|x64.ActiveCfg = Debug|x64
		{4076535C-C0EA-40D8-9E97-B9DD52472883}.Debug|x64.Build.0 = Debug|x64
		{4076535C-C0EA-40D8-9E97-B9DD52472883}.Debug|x86.ActiveCfg = Debug|Win32
		{4076535C-C0EA-40D8-9E97-B9DD52472883}.Debug|x86.Build.0 = Debug|Win32
		{4076535C-C0EA-40D8-9E97-B9DD52472883}.Release|x64.ActiveCfg = Release|x64
		{4076535C-C0EA-40D8-9E97-B9DD52472883}.Release|x64.Build.0 = Release|x64
		{4076535C-C0EA-40D8-9E97-B9DD52472883}.Release|x86.ActiveCfg = Release|Win32
		{4076535C-C0EA-40D8-9E97-B9DD52472883}.Release|x86.Build.0 = Release|Win32
		{6DAFDB29-67EA-462C-8729-8777F733ED35}.Debug|x64.ActiveCfg = Debug|x64
		{6DAFDB29-67EA-462C-8729-8777F733ED35}.Debug|x64.Build.0 = Debug|x64
		{6DAFDB29-67EA-462C-8729-8777F733ED35}.Debug|x86.ActiveCfg = Debug|Win32
		{6DAFDB29-67EA-462C-8729-8777F733ED35}.Debug|x86.Build.0 = Debug|Win32
		{6DAFDB29-67EA-462C-8729-8777F733ED35}.Release|x64.ActiveCfg = Release|x64
		{6DAFDB29-67EA-462C-8729-8777F733ED35}.Release|x64.Build.0 = Release|x64
		{6DAFDB29-67EA-462C-8729-8777F733ED35}.Release|x86.ActiveCfg = Release|Win32
		{6DAFDB29-67EA-462C-8729-8777F733ED35}.Release|x86.Build.0 = Release|Win32
	EndGlobalSection
	GlobalSection(SolutionProperties) = preSolution
		HideSolutionNode = FALSE
	EndGlobalSection
	GlobalSection(ExtensibilityGlobals) = postSolution
		SolutionGuid = {47CD350D-D742-4C3D-B269-C25B80E6EA2C}
	EndGlobalSection
EndGlobal
