
Microsoft Visual Studio Solution File, Format Version 12.00
# Visual Studio 15
VisualStudioVersion = 15.0.28307.1022
MinimumVisualStudioVersion = 10.0.40219.1
Project("{8BC9CEB8-8B4A-11D0-8D11-00A0C91BC942}") = "Calculator", "Calculator\Calculator.vcxproj", "{EB934EC8-0874-474F-9B3D-C13567B5E884}"
EndProject
Project("{8BC9CEB8-8B4A-11D0-8D11-00A0C91BC942}") = "CalculatorUnitTest", "CalculatorUnitTest\CalculatorUnitTest.vcxproj", "{7712B23C-7B01-472F-8080-3120BFA952B3}"
EndProject
Global
	GlobalSection(SolutionConfigurationPlatforms) = preSolution
		Debug|x64 = Debug|x64
		Debug|x86 = Debug|x86
		Release|x64 = Release|x64
		Release|x86 = Release|x86
	EndGlobalSection
	GlobalSection(ProjectConfigurationPlatforms) = postSolution
		{EB934EC8-0874-474F-9B3D-C13567B5E884}.Debug|x64.ActiveCfg = Debug|x64
		{EB934EC8-0874-474F-9B3D-C13567B5E884}.Debug|x64.Build.0 = Debug|x64
		{EB934EC8-0874-474F-9B3D-C13567B5E884}.Debug|x86.ActiveCfg = Debug|Win32
		{EB934EC8-0874-474F-9B3D-C13567B5E884}.Debug|x86.Build.0 = Debug|Win32
		{EB934EC8-0874-474F-9B3D-C13567B5E884}.Release|x64.ActiveCfg = Release|x64
		{EB934EC8-0874-474F-9B3D-C13567B5E884}.Release|x64.Build.0 = Release|x64
		{EB934EC8-0874-474F-9B3D-C13567B5E884}.Release|x86.ActiveCfg = Release|Win32
		{EB934EC8-0874-474F-9B3D-C13567B5E884}.Release|x86.Build.0 = Release|Win32
		{7712B23C-7B01-472F-8080-3120BFA952B3}.Debug|x64.ActiveCfg = Debug|x64
		{7712B23C-7B01-472F-8080-3120BFA952B3}.Debug|x64.Build.0 = Debug|x64
		{7712B23C-7B01-472F-8080-3120BFA952B3}.Debug|x86.ActiveCfg = Debug|Win32
		{7712B23C-7B01-472F-8080-3120BFA952B3}.Debug|x86.Build.0 = Debug|Win32
		{7712B23C-7B01-472F-8080-3120BFA952B3}.Release|x64.ActiveCfg = Release|x64
		{7712B23C-7B01-472F-8080-3120BFA952B3}.Release|x64.Build.0 = Release|x64
		{7712B23C-7B01-472F-8080-3120BFA952B3}.Release|x86.ActiveCfg = Release|Win32
		{7712B23C-7B01-472F-8080-3120BFA952B3}.Release|x86.Build.0 = Release|Win32
	EndGlobalSection
	GlobalSection(SolutionProperties) = preSolution
		HideSolutionNode = FALSE
	EndGlobalSection
	GlobalSection(ExtensibilityGlobals) = postSolution
		SolutionGuid = {0DF09AF5-ED80-42A8-866B-84241F363068}
	EndGlobalSection
EndGlobal
