
Microsoft Visual Studio Solution File, Format Version 12.00
# Visual Studio Version 16
VisualStudioVersion = 16.0.29306.81
MinimumVisualStudioVersion = 10.0.40219.1
Project("{8BC9CEB8-8B4A-11D0-8D11-00A0C91BC942}") = "Calculator", "Calculator\Calculator.vcxproj", "{DFAB7438-2B04-4A93-BBAB-979A363B8E2F}"
EndProject
Project("{8BC9CEB8-8B4A-11D0-8D11-00A0C91BC942}") = "CalculatorUnitTest", "CalculatorUnitTest\CalculatorUnitTest.vcxproj", "{95E6228A-D9DA-4ED5-9B02-20962A1CAB65}"
EndProject
Global
	GlobalSection(SolutionConfigurationPlatforms) = preSolution
		Debug|x64 = Debug|x64
		Debug|x86 = Debug|x86
		Release|x64 = Release|x64
		Release|x86 = Release|x86
	EndGlobalSection
	GlobalSection(ProjectConfigurationPlatforms) = postSolution
		{DFAB7438-2B04-4A93-BBAB-979A363B8E2F}.Debug|x64.ActiveCfg = Debug|x64
		{DFAB7438-2B04-4A93-BBAB-979A363B8E2F}.Debug|x64.Build.0 = Debug|x64
		{DFAB7438-2B04-4A93-BBAB-979A363B8E2F}.Debug|x86.ActiveCfg = Debug|Win32
		{DFAB7438-2B04-4A93-BBAB-979A363B8E2F}.Debug|x86.Build.0 = Debug|Win32
		{DFAB7438-2B04-4A93-BBAB-979A363B8E2F}.Release|x64.ActiveCfg = Release|x64
		{DFAB7438-2B04-4A93-BBAB-979A363B8E2F}.Release|x64.Build.0 = Release|x64
		{DFAB7438-2B04-4A93-BBAB-979A363B8E2F}.Release|x86.ActiveCfg = Release|Win32
		{DFAB7438-2B04-4A93-BBAB-979A363B8E2F}.Release|x86.Build.0 = Release|Win32
		{95E6228A-D9DA-4ED5-9B02-20962A1CAB65}.Debug|x64.ActiveCfg = Debug|x64
		{95E6228A-D9DA-4ED5-9B02-20962A1CAB65}.Debug|x64.Build.0 = Debug|x64
		{95E6228A-D9DA-4ED5-9B02-20962A1CAB65}.Debug|x86.ActiveCfg = Debug|Win32
		{95E6228A-D9DA-4ED5-9B02-20962A1CAB65}.Debug|x86.Build.0 = Debug|Win32
		{95E6228A-D9DA-4ED5-9B02-20962A1CAB65}.Release|x64.ActiveCfg = Release|x64
		{95E6228A-D9DA-4ED5-9B02-20962A1CAB65}.Release|x64.Build.0 = Release|x64
		{95E6228A-D9DA-4ED5-9B02-20962A1CAB65}.Release|x86.ActiveCfg = Release|Win32
		{95E6228A-D9DA-4ED5-9B02-20962A1CAB65}.Release|x86.Build.0 = Release|Win32
	EndGlobalSection
	GlobalSection(SolutionProperties) = preSolution
		HideSolutionNode = FALSE
	EndGlobalSection
	GlobalSection(ExtensibilityGlobals) = postSolution
		SolutionGuid = {CA985308-0355-4424-8042-EC5C9BFBB221}
	EndGlobalSection
EndGlobal
